
Microsoft Visual Studio Solution File, Format Version 12.00
# Visual Studio Version 17
VisualStudioVersion = 17.9.34616.47
MinimumVisualStudioVersion = 10.0.40219.1
Project("{FAE04EC0-301F-11D3-BF4B-00C04F79EFBC}") = "DeepLearningFromScratch", "DeepLearningFromScratch\DeepLearningFromScratch.csproj", "{5425ECF2-8C19-4DED-8DE5-3E735E939A07}"
EndProject
Project("{FAE04EC0-301F-11D3-BF4B-00C04F79EFBC}") = "Tests", "Tests\Tests.csproj", "{FB22F7A1-E1E8-47F3-BDF8-E2F4722C1EE9}"
EndProject
Global
	GlobalSection(SolutionConfigurationPlatforms) = preSolution
		Debug|Any CPU = Debug|Any CPU
		Release|Any CPU = Release|Any CPU
	EndGlobalSection
	GlobalSection(ProjectConfigurationPlatforms) = postSolution
		{5425ECF2-8C19-4DED-8DE5-3E735E939A07}.Debug|Any CPU.ActiveCfg = Debug|Any CPU
		{5425ECF2-8C19-4DED-8DE5-3E735E939A07}.Debug|Any CPU.Build.0 = Debug|Any CPU
		{5425ECF2-8C19-4DED-8DE5-3E735E939A07}.Release|Any CPU.ActiveCfg = Release|Any CPU
		{5425ECF2-8C19-4DED-8DE5-3E735E939A07}.Release|Any CPU.Build.0 = Release|Any CPU
		{FB22F7A1-E1E8-47F3-BDF8-E2F4722C1EE9}.Debug|Any CPU.ActiveCfg = Debug|Any CPU
		{FB22F7A1-E1E8-47F3-BDF8-E2F4722C1EE9}.Debug|Any CPU.Build.0 = Debug|Any CPU
		{FB22F7A1-E1E8-47F3-BDF8-E2F4722C1EE9}.Release|Any CPU.ActiveCfg = Release|Any CPU
		{FB22F7A1-E1E8-47F3-BDF8-E2F4722C1EE9}.Release|Any CPU.Build.0 = Release|Any CPU
	EndGlobalSection
	GlobalSection(SolutionProperties) = preSolution
		HideSolutionNode = FALSE
	EndGlobalSection
	GlobalSection(ExtensibilityGlobals) = postSolution
		SolutionGuid = {14533913-7FFB-4F92-918B-AB6F2E75A7EE}
	EndGlobalSection
EndGlobal
